
Microsoft Visual Studio Solution File, Format Version 12.00
# Visual Studio 15
VisualStudioVersion = 15.0.27703.2026
MinimumVisualStudioVersion = 10.0.40219.1
Project("{9A19103F-16F7-4668-BE54-9A1E7A4F7556}") = "Word_Guess_Game", "Word_Guess_Game\Word_Guess_Game.csproj", "{4640F33A-B9A8-4903-9DA1-5E80898BCD69}"
EndProject
Project("{FAE04EC0-301F-11D3-BF4B-00C04F79EFBC}") = "WordGuessTests", "WordGuessTests\WordGuessTests.csproj", "{D5A39786-E0D5-449F-B55F-E5C2B669DA67}"
EndProject
Global
	GlobalSection(SolutionConfigurationPlatforms) = preSolution
		Debug|Any CPU = Debug|Any CPU
		Release|Any CPU = Release|Any CPU
	EndGlobalSection
	GlobalSection(ProjectConfigurationPlatforms) = postSolution
		{4640F33A-B9A8-4903-9DA1-5E80898BCD69}.Debug|Any CPU.ActiveCfg = Debug|Any CPU
		{4640F33A-B9A8-4903-9DA1-5E80898BCD69}.Debug|Any CPU.Build.0 = Debug|Any CPU
		{4640F33A-B9A8-4903-9DA1-5E80898BCD69}.Release|Any CPU.ActiveCfg = Release|Any CPU
		{4640F33A-B9A8-4903-9DA1-5E80898BCD69}.Release|Any CPU.Build.0 = Release|Any CPU
		{D5A39786-E0D5-449F-B55F-E5C2B669DA67}.Debug|Any CPU.ActiveCfg = Debug|Any CPU
		{D5A39786-E0D5-449F-B55F-E5C2B669DA67}.Debug|Any CPU.Build.0 = Debug|Any CPU
		{D5A39786-E0D5-449F-B55F-E5C2B669DA67}.Release|Any CPU.ActiveCfg = Release|Any CPU
		{D5A39786-E0D5-449F-B55F-E5C2B669DA67}.Release|Any CPU.Build.0 = Release|Any CPU
	EndGlobalSection
	GlobalSection(SolutionProperties) = preSolution
		HideSolutionNode = FALSE
	EndGlobalSection
	GlobalSection(ExtensibilityGlobals) = postSolution
		SolutionGuid = {B9ED3881-7A21-4078-8D1E-1E60765837B3}
	EndGlobalSection
EndGlobal
